
Microsoft Visual Studio Solution File, Format Version 12.00
# Visual Studio Version 16
VisualStudioVersion = 16.0.33027.164
MinimumVisualStudioVersion = 10.0.40219.1
Project("{FAE04EC0-301F-11D3-BF4B-00C04F79EFBC}") = "ApiDEMO", "ApiDEMO\ApiDEMO.csproj", "{D5EAE50D-9B60-4F67-89FE-5671A07BAF77}"
EndProject
Global
	GlobalSection(SolutionConfigurationPlatforms) = preSolution
		Debug|Any CPU = Debug|Any CPU
		Release|Any CPU = Release|Any CPU
	EndGlobalSection
	GlobalSection(ProjectConfigurationPlatforms) = postSolution
		{D5EAE50D-9B60-4F67-89FE-5671A07BAF77}.Debug|Any CPU.ActiveCfg = Debug|Any CPU
		{D5EAE50D-9B60-4F67-89FE-5671A07BAF77}.Debug|Any CPU.Build.0 = Debug|Any CPU
		{D5EAE50D-9B60-4F67-89FE-5671A07BAF77}.Release|Any CPU.ActiveCfg = Release|Any CPU
		{D5EAE50D-9B60-4F67-89FE-5671A07BAF77}.Release|Any CPU.Build.0 = Release|Any CPU
	EndGlobalSection
	GlobalSection(SolutionProperties) = preSolution
		HideSolutionNode = FALSE
	EndGlobalSection
	GlobalSection(ExtensibilityGlobals) = postSolution
		SolutionGuid = {E5569D30-04A9-422E-A937-F493023044B0}
	EndGlobalSection
EndGlobal
